
Microsoft Visual Studio Solution File, Format Version 12.00
# Visual Studio Version 16
VisualStudioVersion = 16.0.32929.386
MinimumVisualStudioVersion = 10.0.40219.1
Project("{FAE04EC0-301F-11D3-BF4B-00C04F79EFBC}") = "clases iniciales", "clases iniciales\clases iniciales.csproj", "{07974F37-2D07-4CB2-864F-9694DB5C89D9}"
EndProject
Project("{FAE04EC0-301F-11D3-BF4B-00C04F79EFBC}") = "musica", "musica\musica.csproj", "{3B66E8D7-BB17-45C3-BD2D-BEAD8A0B032C}"
EndProject
Global
	GlobalSection(SolutionConfigurationPlatforms) = preSolution
		Debug|Any CPU = Debug|Any CPU
		Release|Any CPU = Release|Any CPU
	EndGlobalSection
	GlobalSection(ProjectConfigurationPlatforms) = postSolution
		{07974F37-2D07-4CB2-864F-9694DB5C89D9}.Debug|Any CPU.ActiveCfg = Debug|Any CPU
		{07974F37-2D07-4CB2-864F-9694DB5C89D9}.Debug|Any CPU.Build.0 = Debug|Any CPU
		{07974F37-2D07-4CB2-864F-9694DB5C89D9}.Release|Any CPU.ActiveCfg = Release|Any CPU
		{07974F37-2D07-4CB2-864F-9694DB5C89D9}.Release|Any CPU.Build.0 = Release|Any CPU
		{3B66E8D7-BB17-45C3-BD2D-BEAD8A0B032C}.Debug|Any CPU.ActiveCfg = Debug|Any CPU
		{3B66E8D7-BB17-45C3-BD2D-BEAD8A0B032C}.Debug|Any CPU.Build.0 = Debug|Any CPU
		{3B66E8D7-BB17-45C3-BD2D-BEAD8A0B032C}.Release|Any CPU.ActiveCfg = Release|Any CPU
		{3B66E8D7-BB17-45C3-BD2D-BEAD8A0B032C}.Release|Any CPU.Build.0 = Release|Any CPU
	EndGlobalSection
	GlobalSection(SolutionProperties) = preSolution
		HideSolutionNode = FALSE
	EndGlobalSection
	GlobalSection(ExtensibilityGlobals) = postSolution
		SolutionGuid = {B3A7B9B0-2DD3-42D8-92B6-14D94FE34EBE}
	EndGlobalSection
EndGlobal
